
Microsoft Visual Studio Solution File, Format Version 12.00
# Visual Studio Version 16
VisualStudioVersion = 16.0.30002.166
MinimumVisualStudioVersion = 10.0.40219.1
Project("{FAE04EC0-301F-11D3-BF4B-00C04F79EFBC}") = "AIRCHARTS.Android", "AIRCHARTS.Android\AIRCHARTS.Android.csproj", "{65A8FCD0-DE3B-4A82-B886-332954AA9387}"
EndProject
Project("{FAE04EC0-301F-11D3-BF4B-00C04F79EFBC}") = "AIRCHARTS.iOS", "AIRCHARTS.iOS\AIRCHARTS.iOS.csproj", "{0A267886-566B-4718-9F19-A5927CB9FF0A}"
EndProject
Project("{FAE04EC0-301F-11D3-BF4B-00C04F79EFBC}") = "AIRCHARTS", "AIRCHARTS\AIRCHARTS.csproj", "{67E7C49A-E719-4F73-81B6-B035542D070A}"
EndProject
Global
	GlobalSection(SolutionConfigurationPlatforms) = preSolution
		Debug|Any CPU = Debug|Any CPU
		Debug|iPhone = Debug|iPhone
		Debug|iPhoneSimulator = Debug|iPhoneSimulator
		Release|Any CPU = Release|Any CPU
		Release|iPhone = Release|iPhone
		Release|iPhoneSimulator = Release|iPhoneSimulator
	EndGlobalSection
	GlobalSection(ProjectConfigurationPlatforms) = postSolution
		{65A8FCD0-DE3B-4A82-B886-332954AA9387}.Debug|Any CPU.ActiveCfg = Debug|Any CPU
		{65A8FCD0-DE3B-4A82-B886-332954AA9387}.Debug|Any CPU.Build.0 = Debug|Any CPU
		{65A8FCD0-DE3B-4A82-B886-332954AA9387}.Debug|Any CPU.Deploy.0 = Debug|Any CPU
		{65A8FCD0-DE3B-4A82-B886-332954AA9387}.Debug|iPhone.ActiveCfg = Debug|Any CPU
		{65A8FCD0-DE3B-4A82-B886-332954AA9387}.Debug|iPhone.Build.0 = Debug|Any CPU
		{65A8FCD0-DE3B-4A82-B886-332954AA9387}.Debug|iPhone.Deploy.0 = Debug|Any CPU
		{65A8FCD0-DE3B-4A82-B886-332954AA9387}.Debug|iPhoneSimulator.ActiveCfg = Debug|Any CPU
		{65A8FCD0-DE3B-4A82-B886-332954AA9387}.Debug|iPhoneSimulator.Build.0 = Debug|Any CPU
		{65A8FCD0-DE3B-4A82-B886-332954AA9387}.Debug|iPhoneSimulator.Deploy.0 = Debug|Any CPU
		{65A8FCD0-DE3B-4A82-B886-332954AA9387}.Release|Any CPU.ActiveCfg = Release|Any CPU
		{65A8FCD0-DE3B-4A82-B886-332954AA9387}.Release|Any CPU.Build.0 = Release|Any CPU
		{65A8FCD0-DE3B-4A82-B886-332954AA9387}.Release|Any CPU.Deploy.0 = Release|Any CPU
		{65A8FCD0-DE3B-4A82-B886-332954AA9387}.Release|iPhone.ActiveCfg = Release|Any CPU
		{65A8FCD0-DE3B-4A82-B886-332954AA9387}.Release|iPhone.Build.0 = Release|Any CPU
		{65A8FCD0-DE3B-4A82-B886-332954AA9387}.Release|iPhone.Deploy.0 = Release|Any CPU
		{65A8FCD0-DE3B-4A82-B886-332954AA9387}.Release|iPhoneSimulator.ActiveCfg = Release|Any CPU
		{65A8FCD0-DE3B-4A82-B886-332954AA9387}.Release|iPhoneSimulator.Build.0 = Release|Any CPU
		{65A8FCD0-DE3B-4A82-B886-332954AA9387}.Release|iPhoneSimulator.Deploy.0 = Release|Any CPU
		{0A267886-566B-4718-9F19-A5927CB9FF0A}.Debug|Any CPU.ActiveCfg = Debug|iPhone
		{0A267886-566B-4718-9F19-A5927CB9FF0A}.Debug|Any CPU.Build.0 = Debug|iPhone
		{0A267886-566B-4718-9F19-A5927CB9FF0A}.Debug|Any CPU.Deploy.0 = Debug|iPhone
		{0A267886-566B-4718-9F19-A5927CB9FF0A}.Debug|iPhone.ActiveCfg = Debug|iPhone
		{0A267886-566B-4718-9F19-A5927CB9FF0A}.Debug|iPhone.Build.0 = Debug|iPhone
		{0A267886-566B-4718-9F19-A5927CB9FF0A}.Debug|iPhone.Deploy.0 = Debug|iPhone
		{0A267886-566B-4718-9F19-A5927CB9FF0A}.Debug|iPhoneSimulator.ActiveCfg = Debug|iPhoneSimulator
		{0A267886-566B-4718-9F19-A5927CB9FF0A}.Debug|iPhoneSimulator.Build.0 = Debug|iPhoneSimulator
		{0A267886-566B-4718-9F19-A5927CB9FF0A}.Debug|iPhoneSimulator.Deploy.0 = Debug|iPhoneSimulator
		{0A267886-566B-4718-9F19-A5927CB9FF0A}.Release|Any CPU.ActiveCfg = Release|iPhone
		{0A267886-566B-4718-9F19-A5927CB9FF0A}.Release|Any CPU.Build.0 = Release|iPhone
		{0A267886-566B-4718-9F19-A5927CB9FF0A}.Release|Any CPU.Deploy.0 = Release|iPhone
		{0A267886-566B-4718-9F19-A5927CB9FF0A}.Release|iPhone.ActiveCfg = Release|iPhone
		{0A267886-566B-4718-9F19-A5927CB9FF0A}.Release|iPhone.Build.0 = Release|iPhone
		{0A267886-566B-4718-9F19-A5927CB9FF0A}.Release|iPhone.Deploy.0 = Release|iPhone
		{0A267886-566B-4718-9F19-A5927CB9FF0A}.Release|iPhoneSimulator.ActiveCfg = Release|iPhoneSimulator
		{0A267886-566B-4718-9F19-A5927CB9FF0A}.Release|iPhoneSimulator.Build.0 = Release|iPhoneSimulator
		{0A267886-566B-4718-9F19-A5927CB9FF0A}.Release|iPhoneSimulator.Deploy.0 = Release|iPhoneSimulator
		{67E7C49A-E719-4F73-81B6-B035542D070A}.Debug|Any CPU.ActiveCfg = Debug|Any CPU
		{67E7C49A-E719-4F73-81B6-B035542D070A}.Debug|Any CPU.Build.0 = Debug|Any CPU
		{67E7C49A-E719-4F73-81B6-B035542D070A}.Debug|Any CPU.Deploy.0 = Debug|Any CPU
		{67E7C49A-E719-4F73-81B6-B035542D070A}.Debug|iPhone.ActiveCfg = Debug|Any CPU
		{67E7C49A-E719-4F73-81B6-B035542D070A}.Debug|iPhone.Build.0 = Debug|Any CPU
		{67E7C49A-E719-4F73-81B6-B035542D070A}.Debug|iPhone.Deploy.0 = Debug|Any CPU
		{67E7C49A-E719-4F73-81B6-B035542D070A}.Debug|iPhoneSimulator.ActiveCfg = Debug|Any CPU
		{67E7C49A-E719-4F73-81B6-B035542D070A}.Debug|iPhoneSimulator.Build.0 = Debug|Any CPU
		{67E7C49A-E719-4F73-81B6-B035542D070A}.Debug|iPhoneSimulator.Deploy.0 = Debug|Any CPU
		{67E7C49A-E719-4F73-81B6-B035542D070A}.Release|Any CPU.ActiveCfg = Release|Any CPU
		{67E7C49A-E719-4F73-81B6-B035542D070A}.Release|Any CPU.Build.0 = Release|Any CPU
		{67E7C49A-E719-4F73-81B6-B035542D070A}.Release|Any CPU.Deploy.0 = Release|Any CPU
		{67E7C49A-E719-4F73-81B6-B035542D070A}.Release|iPhone.ActiveCfg = Release|Any CPU
		{67E7C49A-E719-4F73-81B6-B035542D070A}.Release|iPhone.Build.0 = Release|Any CPU
		{67E7C49A-E719-4F73-81B6-B035542D070A}.Release|iPhone.Deploy.0 = Release|Any CPU
		{67E7C49A-E719-4F73-81B6-B035542D070A}.Release|iPhoneSimulator.ActiveCfg = Release|Any CPU
		{67E7C49A-E719-4F73-81B6-B035542D070A}.Release|iPhoneSimulator.Build.0 = Release|Any CPU
		{67E7C49A-E719-4F73-81B6-B035542D070A}.Release|iPhoneSimulator.Deploy.0 = Release|Any CPU
	EndGlobalSection
	GlobalSection(SolutionProperties) = preSolution
		HideSolutionNode = FALSE
	EndGlobalSection
	GlobalSection(ExtensibilityGlobals) = postSolution
		SolutionGuid = {222AB7F0-7738-4FD9-9DC8-EECBCA1246F8}
	EndGlobalSection
EndGlobal
